# Avra bootstrap seed lock — pin-don't-vendor.
# seed/seed.ll is NOT in git: the build fetches this pinned artifact and
# verifies the sha256 of the uncompressed IR. The lock advances only on
# the integration branch (the seed train) via:
#   bash scripts/diagnose.sh --seed-publish
# Merge conflict on this file = two train advances raced; take the
# HIGHER version line (artifacts are immutable). docs/SEED_MERGES.md.
version = 626
sha256 = 09dafed2fdb39e137ed058b501323fc0ce8afdfd23bdbff826441b09641c186d
url = https://github.com/tristanMatthias/forge-lang/releases/download/seed/v626/seed.ll.gz
