# Avra bootstrap seed lock — pin-don't-vendor.
# seed/seed.ll is NOT in git: the build fetches this pinned artifact and
# verifies the sha256 of the uncompressed IR. The lock advances only on
# the integration branch (the seed train) via:
#   bash scripts/diagnose.sh --seed-publish
# Merge conflict on this file = two train advances raced; take the
# HIGHER version line (artifacts are immutable). docs/SEED_MERGES.md.
version = 262
sha256 = 344da09e5c789ece1aeb3ed8ba593dc54c2ab93fae327d8d2983e3891699f6e7
url = https://github.com/tristanMatthias/forge-lang/releases/download/seed/v262/seed.ll.gz
