# Avra bootstrap seed lock — pin-don't-vendor.
# seed/seed.ll is NOT in git: the build fetches this pinned artifact and
# verifies the sha256 of the uncompressed IR. The lock advances only on
# the integration branch (the seed train) via:
#   bash scripts/diagnose.sh --seed-publish
# Merge conflict on this file = two train advances raced; take the
# HIGHER version line (artifacts are immutable). docs/SEED_MERGES.md.
version = 133
sha256 = 81d8921a1d219b7a431775091c2dd95bfc9abb8beabcf0bd42e096197de65394
url = https://github.com/tristanMatthias/forge-lang/releases/download/seed/v133/seed.ll.gz
